
Microsoft Visual Studio Solution File, Format Version 12.00
# Visual Studio Version 16
VisualStudioVersion = 16.0.30225.117
MinimumVisualStudioVersion = 10.0.40219.1
Project("{FAE04EC0-301F-11D3-BF4B-00C04F79EFBC}") = "BonusProje", "BonusProje.csproj", "{F327F2A9-D122-44A7-A1C2-5956F5962F58}"
EndProject
Global
	GlobalSection(SolutionConfigurationPlatforms) = preSolution
		Debug|Any CPU = Debug|Any CPU
		Release|Any CPU = Release|Any CPU
	EndGlobalSection
	GlobalSection(ProjectConfigurationPlatforms) = postSolution
		{F327F2A9-D122-44A7-A1C2-5956F5962F58}.Debug|Any CPU.ActiveCfg = Debug|Any CPU
		{F327F2A9-D122-44A7-A1C2-5956F5962F58}.Debug|Any CPU.Build.0 = Debug|Any CPU
		{F327F2A9-D122-44A7-A1C2-5956F5962F58}.Release|Any CPU.ActiveCfg = Release|Any CPU
		{F327F2A9-D122-44A7-A1C2-5956F5962F58}.Release|Any CPU.Build.0 = Release|Any CPU
	EndGlobalSection
	GlobalSection(SolutionProperties) = preSolution
		HideSolutionNode = FALSE
	EndGlobalSection
	GlobalSection(ExtensibilityGlobals) = postSolution
		SolutionGuid = {B4757C2E-2320-4EB3-8091-1AE28DC246A4}
	EndGlobalSection
EndGlobal
